
Microsoft Visual Studio Solution File, Format Version 12.00
# Visual Studio Version 17
VisualStudioVersion = 17.10.35027.167
MinimumVisualStudioVersion = 10.0.40219.1
Project("{9A19103F-16F7-4668-BE54-9A1E7A4F7556}") = "DataCapture", "DataCapture\DataCapture.csproj", "{62BB8423-4A5D-45EB-B3FB-9E405AA8DC8B}"
EndProject
Project("{FAE04EC0-301F-11D3-BF4B-00C04F79EFBC}") = "ClientViewStats", "ClientViewStats\ClientViewStats.csproj", "{7420C363-3C6E-4498-AAFB-489FD80A0C17}"
EndProject
Global
	GlobalSection(SolutionConfigurationPlatforms) = preSolution
		Debug|Any CPU = Debug|Any CPU
		Release|Any CPU = Release|Any CPU
	EndGlobalSection
	GlobalSection(ProjectConfigurationPlatforms) = postSolution
		{62BB8423-4A5D-45EB-B3FB-9E405AA8DC8B}.Debug|Any CPU.ActiveCfg = Debug|Any CPU
		{62BB8423-4A5D-45EB-B3FB-9E405AA8DC8B}.Debug|Any CPU.Build.0 = Debug|Any CPU
		{62BB8423-4A5D-45EB-B3FB-9E405AA8DC8B}.Release|Any CPU.ActiveCfg = Release|Any CPU
		{62BB8423-4A5D-45EB-B3FB-9E405AA8DC8B}.Release|Any CPU.Build.0 = Release|Any CPU
		{7420C363-3C6E-4498-AAFB-489FD80A0C17}.Debug|Any CPU.ActiveCfg = Debug|Any CPU
		{7420C363-3C6E-4498-AAFB-489FD80A0C17}.Debug|Any CPU.Build.0 = Debug|Any CPU
		{7420C363-3C6E-4498-AAFB-489FD80A0C17}.Release|Any CPU.ActiveCfg = Release|Any CPU
		{7420C363-3C6E-4498-AAFB-489FD80A0C17}.Release|Any CPU.Build.0 = Release|Any CPU
	EndGlobalSection
	GlobalSection(SolutionProperties) = preSolution
		HideSolutionNode = FALSE
	EndGlobalSection
	GlobalSection(ExtensibilityGlobals) = postSolution
		SolutionGuid = {C9D32CF2-D586-40B0-821B-009DEE5E8F6C}
	EndGlobalSection
EndGlobal
